
Microsoft Visual Studio Solution File, Format Version 12.00
# Visual Studio 15
Project("{FAE04EC0-301F-11D3-BF4B-00C04F79EFBC}") = "UnityEngine.TestRunner", "UnityEngine.TestRunner.csproj", "{E87C3F3B-C26A-3697-942F-B2A0A5236E88}"
EndProject
Project("{FAE04EC0-301F-11D3-BF4B-00C04F79EFBC}") = "Unity.2D.Animation.Triangle.Runtime", "Unity.2D.Animation.Triangle.Runtime.csproj", "{1299EFBE-77EF-5DDD-AD66-DB13539B78AE}"
EndProject
Project("{FAE04EC0-301F-11D3-BF4B-00C04F79EFBC}") = "UnityEngine.UI", "UnityEngine.UI.csproj", "{E7099922-5891-23ED-AE29-679082E35192}"
EndProject
Project("{FAE04EC0-301F-11D3-BF4B-00C04F79EFBC}") = "Unity.TextMeshPro", "Unity.TextMeshPro.csproj", "{23DDF9F9-03AF-CBE6-3ACF-35F64D7F66BD}"
EndProject
Project("{FAE04EC0-301F-11D3-BF4B-00C04F79EFBC}") = "Unity.2D.Animation.Runtime", "Unity.2D.Animation.Runtime.csproj", "{69FAD53F-6F33-F27E-955B-F5A25DBE6A73}"
EndProject
Project("{FAE04EC0-301F-11D3-BF4B-00C04F79EFBC}") = "Unity.Timeline", "Unity.Timeline.csproj", "{D999D5F7-59C7-6FCA-0A58-AD57D07A0A70}"
EndProject
Project("{FAE04EC0-301F-11D3-BF4B-00C04F79EFBC}") = "Unity.Mathematics", "Unity.Mathematics.csproj", "{B71139CD-DF01-6C8C-F3CF-C65173A79FDF}"
EndProject
Project("{FAE04EC0-301F-11D3-BF4B-00C04F79EFBC}") = "Unity.2D.SpriteShape.Runtime", "Unity.2D.SpriteShape.Runtime.csproj", "{99A4DA39-7074-007C-D5E2-B396A596F04B}"
EndProject
Project("{FAE04EC0-301F-11D3-BF4B-00C04F79EFBC}") = "Assembly-CSharp", "Assembly-CSharp.csproj", "{925FE105-D9C4-4BF7-3D26-4C044FED5135}"
EndProject
Project("{FAE04EC0-301F-11D3-BF4B-00C04F79EFBC}") = "Unity.2D.PixelPerfect", "Unity.2D.PixelPerfect.csproj", "{D3DBA48A-1A71-0615-C735-5F931701407E}"
EndProject
Project("{FAE04EC0-301F-11D3-BF4B-00C04F79EFBC}") = "Unity.InternalAPIEngineBridge.001", "Unity.InternalAPIEngineBridge.001.csproj", "{6231D8C1-2B77-2826-C53A-EF4F23CEE049}"
EndProject
Project("{FAE04EC0-301F-11D3-BF4B-00C04F79EFBC}") = "Unity.2D.Common.Runtime", "Unity.2D.Common.Runtime.csproj", "{44FC492D-95D8-E91F-70F6-B0F0D2D8AE39}"
EndProject
Project("{FAE04EC0-301F-11D3-BF4B-00C04F79EFBC}") = "Unity.TextMeshPro.Editor", "Unity.TextMeshPro.Editor.csproj", "{80751365-5106-41BA-89FF-34155AEBEEB7}"
EndProject
Project("{FAE04EC0-301F-11D3-BF4B-00C04F79EFBC}") = "Unity.Timeline.Editor", "Unity.Timeline.Editor.csproj", "{B91BDAD8-3746-F1DE-C164-EEE913430DAC}"
EndProject
Project("{FAE04EC0-301F-11D3-BF4B-00C04F79EFBC}") = "Unity.CollabProxy.Editor", "Unity.CollabProxy.Editor.csproj", "{DCE45895-63D9-5746-796D-AA6D372176CF}"
EndProject
Project("{FAE04EC0-301F-11D3-BF4B-00C04F79EFBC}") = "UnityEditor.TestRunner", "UnityEditor.TestRunner.csproj", "{43EACEC7-067B-7AE3-F654-FAAE51D10DFC}"
EndProject
Project("{FAE04EC0-301F-11D3-BF4B-00C04F79EFBC}") = "Unity.2D.Animation.Editor", "Unity.2D.Animation.Editor.csproj", "{AEDC3B3B-467F-C619-A5F5-741DE29A74F4}"
EndProject
Project("{FAE04EC0-301F-11D3-BF4B-00C04F79EFBC}") = "Unity.2D.Path.Editor", "Unity.2D.Path.Editor.csproj", "{728AB479-5865-5D05-E91D-640815A4EC2D}"
EndProject
Project("{FAE04EC0-301F-11D3-BF4B-00C04F79EFBC}") = "Unity.2D.Sprite.Editor", "Unity.2D.Sprite.Editor.csproj", "{D0228186-8A95-213F-5CC7-3B571E8AA285}"
EndProject
Project("{FAE04EC0-301F-11D3-BF4B-00C04F79EFBC}") = "UnityEditor.UI", "UnityEditor.UI.csproj", "{9D0360EB-A9C6-D13A-6C84-B48230EF30A1}"
EndProject
Project("{FAE04EC0-301F-11D3-BF4B-00C04F79EFBC}") = "Unity.Rider.Editor", "Unity.Rider.Editor.csproj", "{353701E0-ACD6-1BB5-01A3-FE43D4CA7215}"
EndProject
Project("{FAE04EC0-301F-11D3-BF4B-00C04F79EFBC}") = "Unity.2D.Tilemap.Editor", "Unity.2D.Tilemap.Editor.csproj", "{2FB416DF-F77B-41BD-648E-E1575E734FAC}"
EndProject
Project("{FAE04EC0-301F-11D3-BF4B-00C04F79EFBC}") = "Unity.VisualStudio.Editor", "Unity.VisualStudio.Editor.csproj", "{EE9DA0EB-C0BF-ED3D-6893-D4C95A5DC99C}"
EndProject
Project("{FAE04EC0-301F-11D3-BF4B-00C04F79EFBC}") = "Unity.2D.SpriteShape.Editor", "Unity.2D.SpriteShape.Editor.csproj", "{584E5F87-6E79-C579-C7A9-586BFC97AE7E}"
EndProject
Project("{FAE04EC0-301F-11D3-BF4B-00C04F79EFBC}") = "PsdPlugin", "PsdPlugin.csproj", "{6856BBF6-EB5A-0EDD-F031-C0D01A41BDB0}"
EndProject
Project("{FAE04EC0-301F-11D3-BF4B-00C04F79EFBC}") = "Unity.2D.Common.Editor", "Unity.2D.Common.Editor.csproj", "{5F6614E5-839E-9C57-2370-6A53F0BEE19E}"
EndProject
Project("{FAE04EC0-301F-11D3-BF4B-00C04F79EFBC}") = "Unity.VSCode.Editor", "Unity.VSCode.Editor.csproj", "{0F4B630B-2A3F-57F9-3D9D-48E1B9A32D9B}"
EndProject
Project("{FAE04EC0-301F-11D3-BF4B-00C04F79EFBC}") = "Unity.2D.Psdimporter.Editor", "Unity.2D.Psdimporter.Editor.csproj", "{A34AA3EA-100D-352F-E57B-EE00650D4C14}"
EndProject
Project("{FAE04EC0-301F-11D3-BF4B-00C04F79EFBC}") = "Unity.2D.PixelPerfect.Editor", "Unity.2D.PixelPerfect.Editor.csproj", "{569EEE7C-166A-68ED-A00A-07B37FCB82D4}"
EndProject
Project("{FAE04EC0-301F-11D3-BF4B-00C04F79EFBC}") = "Unity.Mathematics.Editor", "Unity.Mathematics.Editor.csproj", "{BC893B76-F78C-86FD-F905-179EB31CA8B9}"
EndProject
Project("{FAE04EC0-301F-11D3-BF4B-00C04F79EFBC}") = "Unity.InternalAPIEditorBridge.001", "Unity.InternalAPIEditorBridge.001.csproj", "{6E25A187-1F41-4CF0-A98A-C5F56B5A5535}"
EndProject
Global
	GlobalSection(SolutionConfigurationPlatforms) = preSolution
		Debug|Any CPU = Debug|Any CPU
		Release|Any CPU = Release|Any CPU
	EndGlobalSection
	GlobalSection(ProjectConfigurationPlatforms) = postSolution
		{E87C3F3B-C26A-3697-942F-B2A0A5236E88}.Debug|Any CPU.ActiveCfg = Debug|Any CPU
		{E87C3F3B-C26A-3697-942F-B2A0A5236E88}.Debug|Any CPU.Build.0 = Debug|Any CPU
		{E87C3F3B-C26A-3697-942F-B2A0A5236E88}.Release|Any CPU.ActiveCfg = Release|Any CPU
		{E87C3F3B-C26A-3697-942F-B2A0A5236E88}.Release|Any CPU.Build.0 = Release|Any CPU
		{1299EFBE-77EF-5DDD-AD66-DB13539B78AE}.Debug|Any CPU.ActiveCfg = Debug|Any CPU
		{1299EFBE-77EF-5DDD-AD66-DB13539B78AE}.Debug|Any CPU.Build.0 = Debug|Any CPU
		{1299EFBE-77EF-5DDD-AD66-DB13539B78AE}.Release|Any CPU.ActiveCfg = Release|Any CPU
		{1299EFBE-77EF-5DDD-AD66-DB13539B78AE}.Release|Any CPU.Build.0 = Release|Any CPU
		{E7099922-5891-23ED-AE29-679082E35192}.Debug|Any CPU.ActiveCfg = Debug|Any CPU
		{E7099922-5891-23ED-AE29-679082E35192}.Debug|Any CPU.Build.0 = Debug|Any CPU
		{E7099922-5891-23ED-AE29-679082E35192}.Release|Any CPU.ActiveCfg = Release|Any CPU
		{E7099922-5891-23ED-AE29-679082E35192}.Release|Any CPU.Build.0 = Release|Any CPU
		{23DDF9F9-03AF-CBE6-3ACF-35F64D7F66BD}.Debug|Any CPU.ActiveCfg = Debug|Any CPU
		{23DDF9F9-03AF-CBE6-3ACF-35F64D7F66BD}.Debug|Any CPU.Build.0 = Debug|Any CPU
		{23DDF9F9-03AF-CBE6-3ACF-35F64D7F66BD}.Release|Any CPU.ActiveCfg = Release|Any CPU
		{23DDF9F9-03AF-CBE6-3ACF-35F64D7F66BD}.Release|Any CPU.Build.0 = Release|Any CPU
		{69FAD53F-6F33-F27E-955B-F5A25DBE6A73}.Debug|Any CPU.ActiveCfg = Debug|Any CPU
		{69FAD53F-6F33-F27E-955B-F5A25DBE6A73}.Debug|Any CPU.Build.0 = Debug|Any CPU
		{69FAD53F-6F33-F27E-955B-F5A25DBE6A73}.Release|Any CPU.ActiveCfg = Release|Any CPU
		{69FAD53F-6F33-F27E-955B-F5A25DBE6A73}.Release|Any CPU.Build.0 = Release|Any CPU
		{D999D5F7-59C7-6FCA-0A58-AD57D07A0A70}.Debug|Any CPU.ActiveCfg = Debug|Any CPU
		{D999D5F7-59C7-6FCA-0A58-AD57D07A0A70}.Debug|Any CPU.Build.0 = Debug|Any CPU
		{D999D5F7-59C7-6FCA-0A58-AD57D07A0A70}.Release|Any CPU.ActiveCfg = Release|Any CPU
		{D999D5F7-59C7-6FCA-0A58-AD57D07A0A70}.Release|Any CPU.Build.0 = Release|Any CPU
		{B71139CD-DF01-6C8C-F3CF-C65173A79FDF}.Debug|Any CPU.ActiveCfg = Debug|Any CPU
		{B71139CD-DF01-6C8C-F3CF-C65173A79FDF}.Debug|Any CPU.Build.0 = Debug|Any CPU
		{B71139CD-DF01-6C8C-F3CF-C65173A79FDF}.Release|Any CPU.ActiveCfg = Release|Any CPU
		{B71139CD-DF01-6C8C-F3CF-C65173A79FDF}.Release|Any CPU.Build.0 = Release|Any CPU
		{99A4DA39-7074-007C-D5E2-B396A596F04B}.Debug|Any CPU.ActiveCfg = Debug|Any CPU
		{99A4DA39-7074-007C-D5E2-B396A596F04B}.Debug|Any CPU.Build.0 = Debug|Any CPU
		{99A4DA39-7074-007C-D5E2-B396A596F04B}.Release|Any CPU.ActiveCfg = Release|Any CPU
		{99A4DA39-7074-007C-D5E2-B396A596F04B}.Release|Any CPU.Build.0 = Release|Any CPU
		{925FE105-D9C4-4BF7-3D26-4C044FED5135}.Debug|Any CPU.ActiveCfg = Debug|Any CPU
		{925FE105-D9C4-4BF7-3D26-4C044FED5135}.Debug|Any CPU.Build.0 = Debug|Any CPU
		{925FE105-D9C4-4BF7-3D26-4C044FED5135}.Release|Any CPU.ActiveCfg = Release|Any CPU
		{925FE105-D9C4-4BF7-3D26-4C044FED5135}.Release|Any CPU.Build.0 = Release|Any CPU
		{D3DBA48A-1A71-0615-C735-5F931701407E}.Debug|Any CPU.ActiveCfg = Debug|Any CPU
		{D3DBA48A-1A71-0615-C735-5F931701407E}.Debug|Any CPU.Build.0 = Debug|Any CPU
		{D3DBA48A-1A71-0615-C735-5F931701407E}.Release|Any CPU.ActiveCfg = Release|Any CPU
		{D3DBA48A-1A71-0615-C735-5F931701407E}.Release|Any CPU.Build.0 = Release|Any CPU
		{6231D8C1-2B77-2826-C53A-EF4F23CEE049}.Debug|Any CPU.ActiveCfg = Debug|Any CPU
		{6231D8C1-2B77-2826-C53A-EF4F23CEE049}.Debug|Any CPU.Build.0 = Debug|Any CPU
		{6231D8C1-2B77-2826-C53A-EF4F23CEE049}.Release|Any CPU.ActiveCfg = Release|Any CPU
		{6231D8C1-2B77-2826-C53A-EF4F23CEE049}.Release|Any CPU.Build.0 = Release|Any CPU
		{44FC492D-95D8-E91F-70F6-B0F0D2D8AE39}.Debug|Any CPU.ActiveCfg = Debug|Any CPU
		{44FC492D-95D8-E91F-70F6-B0F0D2D8AE39}.Debug|Any CPU.Build.0 = Debug|Any CPU
		{44FC492D-95D8-E91F-70F6-B0F0D2D8AE39}.Release|Any CPU.ActiveCfg = Release|Any CPU
		{44FC492D-95D8-E91F-70F6-B0F0D2D8AE39}.Release|Any CPU.Build.0 = Release|Any CPU
		{80751365-5106-41BA-89FF-34155AEBEEB7}.Debug|Any CPU.ActiveCfg = Debug|Any CPU
		{80751365-5106-41BA-89FF-34155AEBEEB7}.Debug|Any CPU.Build.0 = Debug|Any CPU
		{80751365-5106-41BA-89FF-34155AEBEEB7}.Release|Any CPU.ActiveCfg = Release|Any CPU
		{80751365-5106-41BA-89FF-34155AEBEEB7}.Release|Any CPU.Build.0 = Release|Any CPU
		{B91BDAD8-3746-F1DE-C164-EEE913430DAC}.Debug|Any CPU.ActiveCfg = Debug|Any CPU
		{B91BDAD8-3746-F1DE-C164-EEE913430DAC}.Debug|Any CPU.Build.0 = Debug|Any CPU
		{B91BDAD8-3746-F1DE-C164-EEE913430DAC}.Release|Any CPU.ActiveCfg = Release|Any CPU
		{B91BDAD8-3746-F1DE-C164-EEE913430DAC}.Release|Any CPU.Build.0 = Release|Any CPU
		{DCE45895-63D9-5746-796D-AA6D372176CF}.Debug|Any CPU.ActiveCfg = Debug|Any CPU
		{DCE45895-63D9-5746-796D-AA6D372176CF}.Debug|Any CPU.Build.0 = Debug|Any CPU
		{DCE45895-63D9-5746-796D-AA6D372176CF}.Release|Any CPU.ActiveCfg = Release|Any CPU
		{DCE45895-63D9-5746-796D-AA6D372176CF}.Release|Any CPU.Build.0 = Release|Any CPU
		{43EACEC7-067B-7AE3-F654-FAAE51D10DFC}.Debug|Any CPU.ActiveCfg = Debug|Any CPU
		{43EACEC7-067B-7AE3-F654-FAAE51D10DFC}.Debug|Any CPU.Build.0 = Debug|Any CPU
		{43EACEC7-067B-7AE3-F654-FAAE51D10DFC}.Release|Any CPU.ActiveCfg = Release|Any CPU
		{43EACEC7-067B-7AE3-F654-FAAE51D10DFC}.Release|Any CPU.Build.0 = Release|Any CPU
		{AEDC3B3B-467F-C619-A5F5-741DE29A74F4}.Debug|Any CPU.ActiveCfg = Debug|Any CPU
		{AEDC3B3B-467F-C619-A5F5-741DE29A74F4}.Debug|Any CPU.Build.0 = Debug|Any CPU
		{AEDC3B3B-467F-C619-A5F5-741DE29A74F4}.Release|Any CPU.ActiveCfg = Release|Any CPU
		{AEDC3B3B-467F-C619-A5F5-741DE29A74F4}.Release|Any CPU.Build.0 = Release|Any CPU
		{728AB479-5865-5D05-E91D-640815A4EC2D}.Debug|Any CPU.ActiveCfg = Debug|Any CPU
		{728AB479-5865-5D05-E91D-640815A4EC2D}.Debug|Any CPU.Build.0 = Debug|Any CPU
		{728AB479-5865-5D05-E91D-640815A4EC2D}.Release|Any CPU.ActiveCfg = Release|Any CPU
		{728AB479-5865-5D05-E91D-640815A4EC2D}.Release|Any CPU.Build.0 = Release|Any CPU
		{D0228186-8A95-213F-5CC7-3B571E8AA285}.Debug|Any CPU.ActiveCfg = Debug|Any CPU
		{D0228186-8A95-213F-5CC7-3B571E8AA285}.Debug|Any CPU.Build.0 = Debug|Any CPU
		{D0228186-8A95-213F-5CC7-3B571E8AA285}.Release|Any CPU.ActiveCfg = Release|Any CPU
		{D0228186-8A95-213F-5CC7-3B571E8AA285}.Release|Any CPU.Build.0 = Release|Any CPU
		{9D0360EB-A9C6-D13A-6C84-B48230EF30A1}.Debug|Any CPU.ActiveCfg = Debug|Any CPU
		{9D0360EB-A9C6-D13A-6C84-B48230EF30A1}.Debug|Any CPU.Build.0 = Debug|Any CPU
		{9D0360EB-A9C6-D13A-6C84-B48230EF30A1}.Release|Any CPU.ActiveCfg = Release|Any CPU
		{9D0360EB-A9C6-D13A-6C84-B48230EF30A1}.Release|Any CPU.Build.0 = Release|Any CPU
		{353701E0-ACD6-1BB5-01A3-FE43D4CA7215}.Debug|Any CPU.ActiveCfg = Debug|Any CPU
		{353701E0-ACD6-1BB5-01A3-FE43D4CA7215}.Debug|Any CPU.Build.0 = Debug|Any CPU
		{353701E0-ACD6-1BB5-01A3-FE43D4CA7215}.Release|Any CPU.ActiveCfg = Release|Any CPU
		{353701E0-ACD6-1BB5-01A3-FE43D4CA7215}.Release|Any CPU.Build.0 = Release|Any CPU
		{2FB416DF-F77B-41BD-648E-E1575E734FAC}.Debug|Any CPU.ActiveCfg = Debug|Any CPU
		{2FB416DF-F77B-41BD-648E-E1575E734FAC}.Debug|Any CPU.Build.0 = Debug|Any CPU
		{2FB416DF-F77B-41BD-648E-E1575E734FAC}.Release|Any CPU.ActiveCfg = Release|Any CPU
		{2FB416DF-F77B-41BD-648E-E1575E734FAC}.Release|Any CPU.Build.0 = Release|Any CPU
		{EE9DA0EB-C0BF-ED3D-6893-D4C95A5DC99C}.Debug|Any CPU.ActiveCfg = Debug|Any CPU
		{EE9DA0EB-C0BF-ED3D-6893-D4C95A5DC99C}.Debug|Any CPU.Build.0 = Debug|Any CPU
		{EE9DA0EB-C0BF-ED3D-6893-D4C95A5DC99C}.Release|Any CPU.ActiveCfg = Release|Any CPU
		{EE9DA0EB-C0BF-ED3D-6893-D4C95A5DC99C}.Release|Any CPU.Build.0 = Release|Any CPU
		{584E5F87-6E79-C579-C7A9-586BFC97AE7E}.Debug|Any CPU.ActiveCfg = Debug|Any CPU
		{584E5F87-6E79-C579-C7A9-586BFC97AE7E}.Debug|Any CPU.Build.0 = Debug|Any CPU
		{584E5F87-6E79-C579-C7A9-586BFC97AE7E}.Release|Any CPU.ActiveCfg = Release|Any CPU
		{584E5F87-6E79-C579-C7A9-586BFC97AE7E}.Release|Any CPU.Build.0 = Release|Any CPU
		{6856BBF6-EB5A-0EDD-F031-C0D01A41BDB0}.Debug|Any CPU.ActiveCfg = Debug|Any CPU
		{6856BBF6-EB5A-0EDD-F031-C0D01A41BDB0}.Debug|Any CPU.Build.0 = Debug|Any CPU
		{6856BBF6-EB5A-0EDD-F031-C0D01A41BDB0}.Release|Any CPU.ActiveCfg = Release|Any CPU
		{6856BBF6-EB5A-0EDD-F031-C0D01A41BDB0}.Release|Any CPU.Build.0 = Release|Any CPU
		{5F6614E5-839E-9C57-2370-6A53F0BEE19E}.Debug|Any CPU.ActiveCfg = Debug|Any CPU
		{5F6614E5-839E-9C57-2370-6A53F0BEE19E}.Debug|Any CPU.Build.0 = Debug|Any CPU
		{5F6614E5-839E-9C57-2370-6A53F0BEE19E}.Release|Any CPU.ActiveCfg = Release|Any CPU
		{5F6614E5-839E-9C57-2370-6A53F0BEE19E}.Release|Any CPU.Build.0 = Release|Any CPU
		{0F4B630B-2A3F-57F9-3D9D-48E1B9A32D9B}.Debug|Any CPU.ActiveCfg = Debug|Any CPU
		{0F4B630B-2A3F-57F9-3D9D-48E1B9A32D9B}.Debug|Any CPU.Build.0 = Debug|Any CPU
		{0F4B630B-2A3F-57F9-3D9D-48E1B9A32D9B}.Release|Any CPU.ActiveCfg = Release|Any CPU
		{0F4B630B-2A3F-57F9-3D9D-48E1B9A32D9B}.Release|Any CPU.Build.0 = Release|Any CPU
		{A34AA3EA-100D-352F-E57B-EE00650D4C14}.Debug|Any CPU.ActiveCfg = Debug|Any CPU
		{A34AA3EA-100D-352F-E57B-EE00650D4C14}.Debug|Any CPU.Build.0 = Debug|Any CPU
		{A34AA3EA-100D-352F-E57B-EE00650D4C14}.Release|Any CPU.ActiveCfg = Release|Any CPU
		{A34AA3EA-100D-352F-E57B-EE00650D4C14}.Release|Any CPU.Build.0 = Release|Any CPU
		{569EEE7C-166A-68ED-A00A-07B37FCB82D4}.Debug|Any CPU.ActiveCfg = Debug|Any CPU
		{569EEE7C-166A-68ED-A00A-07B37FCB82D4}.Debug|Any CPU.Build.0 = Debug|Any CPU
		{569EEE7C-166A-68ED-A00A-07B37FCB82D4}.Release|Any CPU.ActiveCfg = Release|Any CPU
		{569EEE7C-166A-68ED-A00A-07B37FCB82D4}.Release|Any CPU.Build.0 = Release|Any CPU
		{BC893B76-F78C-86FD-F905-179EB31CA8B9}.Debug|Any CPU.ActiveCfg = Debug|Any CPU
		{BC893B76-F78C-86FD-F905-179EB31CA8B9}.Debug|Any CPU.Build.0 = Debug|Any CPU
		{BC893B76-F78C-86FD-F905-179EB31CA8B9}.Release|Any CPU.ActiveCfg = Release|Any CPU
		{BC893B76-F78C-86FD-F905-179EB31CA8B9}.Release|Any CPU.Build.0 = Release|Any CPU
		{6E25A187-1F41-4CF0-A98A-C5F56B5A5535}.Debug|Any CPU.ActiveCfg = Debug|Any CPU
		{6E25A187-1F41-4CF0-A98A-C5F56B5A5535}.Debug|Any CPU.Build.0 = Debug|Any CPU
		{6E25A187-1F41-4CF0-A98A-C5F56B5A5535}.Release|Any CPU.ActiveCfg = Release|Any CPU
		{6E25A187-1F41-4CF0-A98A-C5F56B5A5535}.Release|Any CPU.Build.0 = Release|Any CPU
	EndGlobalSection
	GlobalSection(SolutionProperties) = preSolution
		HideSolutionNode = FALSE
	EndGlobalSection
EndGlobal
